
Microsoft Visual Studio Solution File, Format Version 12.00
# Visual Studio 15
VisualStudioVersion = 15.0.26730.8
MinimumVisualStudioVersion = 10.0.40219.1
Project("{8BC9CEB8-8B4A-11D0-8D11-00A0C91BC942}") = "HW6", "HW6\HW6.vcxproj", "{CF236714-DB05-4193-81C4-481B0B42AA90}"
EndProject
Global
	GlobalSection(SolutionConfigurationPlatforms) = preSolution
		Debug|x64 = Debug|x64
		Debug|x86 = Debug|x86
		Release|x64 = Release|x64
		Release|x86 = Release|x86
	EndGlobalSection
	GlobalSection(ProjectConfigurationPlatforms) = postSolution
		{CF236714-DB05-4193-81C4-481B0B42AA90}.Debug|x64.ActiveCfg = Debug|x64
		{CF236714-DB05-4193-81C4-481B0B42AA90}.Debug|x64.Build.0 = Debug|x64
		{CF236714-DB05-4193-81C4-481B0B42AA90}.Debug|x86.ActiveCfg = Debug|Win32
		{CF236714-DB05-4193-81C4-481B0B42AA90}.Debug|x86.Build.0 = Debug|Win32
		{CF236714-DB05-4193-81C4-481B0B42AA90}.Release|x64.ActiveCfg = Release|x64
		{CF236714-DB05-4193-81C4-481B0B42AA90}.Release|x64.Build.0 = Release|x64
		{CF236714-DB05-4193-81C4-481B0B42AA90}.Release|x86.ActiveCfg = Release|Win32
		{CF236714-DB05-4193-81C4-481B0B42AA90}.Release|x86.Build.0 = Release|Win32
	EndGlobalSection
	GlobalSection(SolutionProperties) = preSolution
		HideSolutionNode = FALSE
	EndGlobalSection
	GlobalSection(ExtensibilityGlobals) = postSolution
		SolutionGuid = {E21AFBB3-F6A5-46AC-9AD0-48244E672D84}
	EndGlobalSection
EndGlobal
