
Microsoft Visual Studio Solution File, Format Version 12.00
# Visual Studio 15
VisualStudioVersion = 15.0.26730.8
MinimumVisualStudioVersion = 10.0.40219.1
Project("{8BC9CEB8-8B4A-11D0-8D11-00A0C91BC942}") = "HW2_6", "HW2_6\HW2_6.vcxproj", "{60C476E4-527F-4457-8A5C-16DA934AC444}"
EndProject
Global
	GlobalSection(SolutionConfigurationPlatforms) = preSolution
		Debug|x64 = Debug|x64
		Debug|x86 = Debug|x86
		Release|x64 = Release|x64
		Release|x86 = Release|x86
	EndGlobalSection
	GlobalSection(ProjectConfigurationPlatforms) = postSolution
		{60C476E4-527F-4457-8A5C-16DA934AC444}.Debug|x64.ActiveCfg = Debug|x64
		{60C476E4-527F-4457-8A5C-16DA934AC444}.Debug|x64.Build.0 = Debug|x64
		{60C476E4-527F-4457-8A5C-16DA934AC444}.Debug|x86.ActiveCfg = Debug|Win32
		{60C476E4-527F-4457-8A5C-16DA934AC444}.Debug|x86.Build.0 = Debug|Win32
		{60C476E4-527F-4457-8A5C-16DA934AC444}.Release|x64.ActiveCfg = Release|x64
		{60C476E4-527F-4457-8A5C-16DA934AC444}.Release|x64.Build.0 = Release|x64
		{60C476E4-527F-4457-8A5C-16DA934AC444}.Release|x86.ActiveCfg = Release|Win32
		{60C476E4-527F-4457-8A5C-16DA934AC444}.Release|x86.Build.0 = Release|Win32
	EndGlobalSection
	GlobalSection(SolutionProperties) = preSolution
		HideSolutionNode = FALSE
	EndGlobalSection
	GlobalSection(ExtensibilityGlobals) = postSolution
		SolutionGuid = {2F85FD9F-F82E-4795-85AC-9B682AEF5D7B}
	EndGlobalSection
EndGlobal
